// !$*UTF8*$!
{
	archiveVersion = 1;
	classes = {
	};
	objectVersion = 46;
	objects = {

/* Begin PBXBuildFile section */
		254EBBED1DDEAD09005F15AC /* Cell.swift in Sources */ = {isa = PBXBuildFile; fileRef = 254EBBEC1DDEAD09005F15AC /* Cell.swift */; };
		254EBBEF1DDEBBF3005F15AC /* DetailVC.swift in Sources */ = {isa = PBXBuildFile; fileRef = 254EBBEE1DDEBBF3005F15AC /* DetailVC.swift */; };
		2552E2641DDE0B7E00F92CE1 /* AppDelegate.swift in Sources */ = {isa = PBXBuildFile; fileRef = 2552E2631DDE0B7E00F92CE1 /* AppDelegate.swift */; };
		2552E2661DDE0B7E00F92CE1 /* ViewController.swift in Sources */ = {isa = PBXBuildFile; fileRef = 2552E2651DDE0B7E00F92CE1 /* ViewController.swift */; };
		2552E2691DDE0B7E00F92CE1 /* Main.storyboard in Resources */ = {isa = PBXBuildFile; fileRef = 2552E2671DDE0B7E00F92CE1 /* Main.storyboard */; };
		2552E26B1DDE0B7E00F92CE1 /* Assets.xcassets in Resources */ = {isa = PBXBuildFile; fileRef = 2552E26A1DDE0B7E00F92CE1 /* Assets.xcassets */; };
		2552E26E1DDE0B7E00F92CE1 /* LaunchScreen.storyboard in Resources */ = {isa = PBXBuildFile; fileRef = 2552E26C1DDE0B7E00F92CE1 /* LaunchScreen.storyboard */; };
		2552E2781DDE0BC600F92CE1 /* Foods.plist in Resources */ = {isa = PBXBuildFile; fileRef = 2552E2771DDE0BC600F92CE1 /* Foods.plist */; };
		2552E2841DDE0E1200F92CE1 /* bachicuonraucu.jpg in Resources */ = {isa = PBXBuildFile; fileRef = 2552E27B1DDE0E1200F92CE1 /* bachicuonraucu.jpg */; };
		2552E2851DDE0E1200F92CE1 /* banhtrung.jpg in Resources */ = {isa = PBXBuildFile; fileRef = 2552E27C1DDE0E1200F92CE1 /* banhtrung.jpg */; };
		2552E2861DDE0E1200F92CE1 /* canhmang.jpg in Resources */ = {isa = PBXBuildFile; fileRef = 2552E27D1DDE0E1200F92CE1 /* canhmang.jpg */; };
		2552E2871DDE0E1200F92CE1 /* giocha.jpg in Resources */ = {isa = PBXBuildFile; fileRef = 2552E27E1DDE0E1200F92CE1 /* giocha.jpg */; };
		2552E2881DDE0E1200F92CE1 /* mut.jpg in Resources */ = {isa = PBXBuildFile; fileRef = 2552E27F1DDE0E1200F92CE1 /* mut.jpg */; };
		2552E2891DDE0E1200F92CE1 /* nemchua.jpg in Resources */ = {isa = PBXBuildFile; fileRef = 2552E2801DDE0E1200F92CE1 /* nemchua.jpg */; };
		2552E28A1DDE0E1200F92CE1 /* suonnuong.jpg in Resources */ = {isa = PBXBuildFile; fileRef = 2552E2811DDE0E1200F92CE1 /* suonnuong.jpg */; };
		2552E28B1DDE0E1200F92CE1 /* thitbokho.jpg in Resources */ = {isa = PBXBuildFile; fileRef = 2552E2821DDE0E1200F92CE1 /* thitbokho.jpg */; };
		2552E28C1DDE0E1200F92CE1 /* thitga.jpg in Resources */ = {isa = PBXBuildFile; fileRef = 2552E2831DDE0E1200F92CE1 /* thitga.jpg */; };
		2552E28E1DDE0EA700F92CE1 /* MonAn.swift in Sources */ = {isa = PBXBuildFile; fileRef = 2552E28D1DDE0EA700F92CE1 /* MonAn.swift */; };
		2552E2901DDE0F8800F92CE1 /* DataManager.swift in Sources */ = {isa = PBXBuildFile; fileRef = 2552E28F1DDE0F8800F92CE1 /* DataManager.swift */; };
/* End PBXBuildFile section */

/* Begin PBXFileReference section */
		254EBBEC1DDEAD09005F15AC /* Cell.swift */ = {isa = PBXFileReference; fileEncoding = 4; lastKnownFileType = sourcecode.swift; path = Cell.swift; sourceTree = "<group>"; };
		254EBBEE1DDEBBF3005F15AC /* DetailVC.swift */ = {isa = PBXFileReference; fileEncoding = 4; lastKnownFileType = sourcecode.swift; path = DetailVC.swift; sourceTree = "<group>"; };
		2552E2601DDE0B7E00F92CE1 /* Tet'sFood.app */ = {isa = PBXFileReference; explicitFileType = wrapper.application; includeInIndex = 0; path = "Tet'sFood.app"; sourceTree = BUILT_PRODUCTS_DIR; };
		2552E2631DDE0B7E00F92CE1 /* AppDelegate.swift */ = {isa = PBXFileReference; lastKnownFileType = sourcecode.swift; path = AppDelegate.swift; sourceTree = "<group>"; };
		2552E2651DDE0B7E00F92CE1 /* ViewController.swift */ = {isa = PBXFileReference; lastKnownFileType = sourcecode.swift; path = ViewController.swift; sourceTree = "<group>"; };
		2552E2681DDE0B7E00F92CE1 /* Base */ = {isa = PBXFileReference; lastKnownFileType = file.storyboard; name = Base; path = Base.lproj/Main.storyboard; sourceTree = "<group>"; };
		2552E26A1DDE0B7E00F92CE1 /* Assets.xcassets */ = {isa = PBXFileReference; lastKnownFileType = folder.assetcatalog; path = Assets.xcassets; sourceTree = "<group>"; };
		2552E26D1DDE0B7E00F92CE1 /* Base */ = {isa = PBXFileReference; lastKnownFileType = file.storyboard; name = Base; path = Base.lproj/LaunchScreen.storyboard; sourceTree = "<group>"; };
		2552E26F1DDE0B7E00F92CE1 /* Info.plist */ = {isa = PBXFileReference; lastKnownFileType = text.plist.xml; path = Info.plist; sourceTree = "<group>"; };
		2552E2771DDE0BC600F92CE1 /* Foods.plist */ = {isa = PBXFileReference; fileEncoding = 4; lastKnownFileType = text.plist.xml; path = Foods.plist; sourceTree = "<group>"; };
		2552E27B1DDE0E1200F92CE1 /* bachicuonraucu.jpg */ = {isa = PBXFileReference; lastKnownFileType = image.jpeg; path = bachicuonraucu.jpg; sourceTree = "<group>"; };
		2552E27C1DDE0E1200F92CE1 /* banhtrung.jpg */ = {isa = PBXFileReference; lastKnownFileType = image.jpeg; path = banhtrung.jpg; sourceTree = "<group>"; };
		2552E27D1DDE0E1200F92CE1 /* canhmang.jpg */ = {isa = PBXFileReference; lastKnownFileType = image.jpeg; path = canhmang.jpg; sourceTree = "<group>"; };
		2552E27E1DDE0E1200F92CE1 /* giocha.jpg */ = {isa = PBXFileReference; lastKnownFileType = image.jpeg; path = giocha.jpg; sourceTree = "<group>"; };
		2552E27F1DDE0E1200F92CE1 /* mut.jpg */ = {isa = PBXFileReference; lastKnownFileType = image.jpeg; path = mut.jpg; sourceTree = "<group>"; };
		2552E2801DDE0E1200F92CE1 /* nemchua.jpg */ = {isa = PBXFileReference; lastKnownFileType = image.jpeg; path = nemchua.jpg; sourceTree = "<group>"; };
		2552E2811DDE0E1200F92CE1 /* suonnuong.jpg */ = {isa = PBXFileReference; lastKnownFileType = image.jpeg; path = suonnuong.jpg; sourceTree = "<group>"; };
		2552E2821DDE0E1200F92CE1 /* thitbokho.jpg */ = {isa = PBXFileReference; lastKnownFileType = image.jpeg; path = thitbokho.jpg; sourceTree = "<group>"; };
		2552E2831DDE0E1200F92CE1 /* thitga.jpg */ = {isa = PBXFileReference; lastKnownFileType = image.jpeg; path = thitga.jpg; sourceTree = "<group>"; };
		2552E28D1DDE0EA700F92CE1 /* MonAn.swift */ = {isa = PBXFileReference; fileEncoding = 4; lastKnownFileType = sourcecode.swift; path = MonAn.swift; sourceTree = "<group>"; };
		2552E28F1DDE0F8800F92CE1 /* DataManager.swift */ = {isa = PBXFileReference; fileEncoding = 4; lastKnownFileType = sourcecode.swift; path = DataManager.swift; sourceTree = "<group>"; };
/* End PBXFileReference section */

/* Begin PBXFrameworksBuildPhase section */
		2552E25D1DDE0B7E00F92CE1 /* Frameworks */ = {
			isa = PBXFrameworksBuildPhase;
			buildActionMask = 2147483647;
			files = (
			);
			runOnlyForDeploymentPostprocessing = 0;
		};
/* End PBXFrameworksBuildPhase section */

/* Begin PBXGroup section */
		2552E2571DDE0B7E00F92CE1 = {
			isa = PBXGroup;
			children = (
				2552E2621DDE0B7E00F92CE1 /* Tet'sFood */,
				2552E2611DDE0B7E00F92CE1 /* Products */,
			);
			sourceTree = "<group>";
		};
		2552E2611DDE0B7E00F92CE1 /* Products */ = {
			isa = PBXGroup;
			children = (
				2552E2601DDE0B7E00F92CE1 /* Tet'sFood.app */,
			);
			name = Products;
			sourceTree = "<group>";
		};
		2552E2621DDE0B7E00F92CE1 /* Tet'sFood */ = {
			isa = PBXGroup;
			children = (
				2552E27A1DDE0C9200F92CE1 /* Photos */,
				2552E2761DDE0B9D00F92CE1 /* Model */,
				2552E2751DDE0B8F00F92CE1 /* ViewController */,
				2552E2631DDE0B7E00F92CE1 /* AppDelegate.swift */,
				2552E26A1DDE0B7E00F92CE1 /* Assets.xcassets */,
				2552E26C1DDE0B7E00F92CE1 /* LaunchScreen.storyboard */,
				2552E26F1DDE0B7E00F92CE1 /* Info.plist */,
			);
			path = "Tet'sFood";
			sourceTree = "<group>";
		};
		2552E2751DDE0B8F00F92CE1 /* ViewController */ = {
			isa = PBXGroup;
			children = (
				2552E2651DDE0B7E00F92CE1 /* ViewController.swift */,
				2552E2671DDE0B7E00F92CE1 /* Main.storyboard */,
				254EBBEC1DDEAD09005F15AC /* Cell.swift */,
				254EBBEE1DDEBBF3005F15AC /* DetailVC.swift */,
			);
			name = ViewController;
			sourceTree = "<group>";
		};
		2552E2761DDE0B9D00F92CE1 /* Model */ = {
			isa = PBXGroup;
			children = (
				2552E2771DDE0BC600F92CE1 /* Foods.plist */,
				2552E28D1DDE0EA700F92CE1 /* MonAn.swift */,
				2552E28F1DDE0F8800F92CE1 /* DataManager.swift */,
			);
			name = Model;
			sourceTree = "<group>";
		};
		2552E27A1DDE0C9200F92CE1 /* Photos */ = {
			isa = PBXGroup;
			children = (
				2552E27B1DDE0E1200F92CE1 /* bachicuonraucu.jpg */,
				2552E27C1DDE0E1200F92CE1 /* banhtrung.jpg */,
				2552E27D1DDE0E1200F92CE1 /* canhmang.jpg */,
				2552E27E1DDE0E1200F92CE1 /* giocha.jpg */,
				2552E27F1DDE0E1200F92CE1 /* mut.jpg */,
				2552E2801DDE0E1200F92CE1 /* nemchua.jpg */,
				2552E2811DDE0E1200F92CE1 /* suonnuong.jpg */,
				2552E2821DDE0E1200F92CE1 /* thitbokho.jpg */,
				2552E2831DDE0E1200F92CE1 /* thitga.jpg */,
			);
			name = Photos;
			sourceTree = "<group>";
		};
/* End PBXGroup section */

/* Begin PBXNativeTarget section */
		2552E25F1DDE0B7E00F92CE1 /* Tet'sFood */ = {
			isa = PBXNativeTarget;
			buildConfigurationList = 2552E2721DDE0B7E00F92CE1 /* Build configuration list for PBXNativeTarget "Tet'sFood" */;
			buildPhases = (
				2552E25C1DDE0B7E00F92CE1 /* Sources */,
				2552E25D1DDE0B7E00F92CE1 /* Frameworks */,
				2552E25E1DDE0B7E00F92CE1 /* Resources */,
			);
			buildRules = (
			);
			dependencies = (
			);
			name = "Tet'sFood";
			productName = "Tet'sFood";
			productReference = 2552E2601DDE0B7E00F92CE1 /* Tet'sFood.app */;
			productType = "com.apple.product-type.application";
		};
/* End PBXNativeTarget section */

/* Begin PBXProject section */
		2552E2581DDE0B7E00F92CE1 /* Project object */ = {
			isa = PBXProject;
			attributes = {
				LastSwiftUpdateCheck = 0810;
				LastUpgradeCheck = 0810;
				ORGANIZATIONNAME = QUYNV;
				TargetAttributes = {
					2552E25F1DDE0B7E00F92CE1 = {
						CreatedOnToolsVersion = 8.1;
						ProvisioningStyle = Automatic;
					};
				};
			};
			buildConfigurationList = 2552E25B1DDE0B7E00F92CE1 /* Build configuration list for PBXProject "Tet'sFood" */;
			compatibilityVersion = "Xcode 3.2";
			developmentRegion = English;
			hasScannedForEncodings = 0;
			knownRegions = (
				en,
				Base,
			);
			mainGroup = 2552E2571DDE0B7E00F92CE1;
			productRefGroup = 2552E2611DDE0B7E00F92CE1 /* Products */;
			projectDirPath = "";
			projectRoot = "";
			targets = (
				2552E25F1DDE0B7E00F92CE1 /* Tet'sFood */,
			);
		};
/* End PBXProject section */

/* Begin PBXResourcesBuildPhase section */
		2552E25E1DDE0B7E00F92CE1 /* Resources */ = {
			isa = PBXResourcesBuildPhase;
			buildActionMask = 2147483647;
			files = (
				2552E28A1DDE0E1200F92CE1 /* suonnuong.jpg in Resources */,
				2552E2881DDE0E1200F92CE1 /* mut.jpg in Resources */,
				2552E2781DDE0BC600F92CE1 /* Foods.plist in Resources */,
				2552E26E1DDE0B7E00F92CE1 /* LaunchScreen.storyboard in Resources */,
				2552E2891DDE0E1200F92CE1 /* nemchua.jpg in Resources */,
				2552E26B1DDE0B7E00F92CE1 /* Assets.xcassets in Resources */,
				2552E2851DDE0E1200F92CE1 /* banhtrung.jpg in Resources */,
				2552E2871DDE0E1200F92CE1 /* giocha.jpg in Resources */,
				2552E28B1DDE0E1200F92CE1 /* thitbokho.jpg in Resources */,
				2552E2841DDE0E1200F92CE1 /* bachicuonraucu.jpg in Resources */,
				2552E2691DDE0B7E00F92CE1 /* Main.storyboard in Resources */,
				2552E2861DDE0E1200F92CE1 /* canhmang.jpg in Resources */,
				2552E28C1DDE0E1200F92CE1 /* thitga.jpg in Resources */,
			);
			runOnlyForDeploymentPostprocessing = 0;
		};
/* End PBXResourcesBuildPhase section */

/* Begin PBXSourcesBuildPhase section */
		2552E25C1DDE0B7E00F92CE1 /* Sources */ = {
			isa = PBXSourcesBuildPhase;
			buildActionMask = 2147483647;
			files = (
				2552E2661DDE0B7E00F92CE1 /* ViewController.swift in Sources */,
				2552E2901DDE0F8800F92CE1 /* DataManager.swift in Sources */,
				254EBBED1DDEAD09005F15AC /* Cell.swift in Sources */,
				2552E2641DDE0B7E00F92CE1 /* AppDelegate.swift in Sources */,
				2552E28E1DDE0EA700F92CE1 /* MonAn.swift in Sources */,
				254EBBEF1DDEBBF3005F15AC /* DetailVC.swift in Sources */,
			);
			runOnlyForDeploymentPostprocessing = 0;
		};
/* End PBXSourcesBuildPhase section */

/* Begin PBXVariantGroup section */
		2552E2671DDE0B7E00F92CE1 /* Main.storyboard */ = {
			isa = PBXVariantGroup;
			children = (
				2552E2681DDE0B7E00F92CE1 /* Base */,
			);
			name = Main.storyboard;
			sourceTree = "<group>";
		};
		2552E26C1DDE0B7E00F92CE1 /* LaunchScreen.storyboard */ = {
			isa = PBXVariantGroup;
			children = (
				2552E26D1DDE0B7E00F92CE1 /* Base */,
			);
			name = LaunchScreen.storyboard;
			sourceTree = "<group>";
		};
/* End PBXVariantGroup section */

/* Begin XCBuildConfiguration section */
		2552E2701DDE0B7E00F92CE1 /* Debug */ = {
			isa = XCBuildConfiguration;
			buildSettings = {
				ALWAYS_SEARCH_USER_PATHS = NO;
				CLANG_ANALYZER_NONNULL = YES;
				CLANG_CXX_LANGUAGE_STANDARD = "gnu++0x";
				CLANG_CXX_LIBRARY = "libc++";
				CLANG_ENABLE_MODULES = YES;
				CLANG_ENABLE_OBJC_ARC = YES;
				CLANG_WARN_BOOL_CONVERSION = YES;
				CLANG_WARN_CONSTANT_CONVERSION = YES;
				CLANG_WARN_DIRECT_OBJC_ISA_USAGE = YES_ERROR;
				CLANG_WARN_DOCUMENTATION_COMMENTS = YES;
				CLANG_WARN_EMPTY_BODY = YES;
				CLANG_WARN_ENUM_CONVERSION = YES;
				CLANG_WARN_INFINITE_RECURSION = YES;
				CLANG_WARN_INT_CONVERSION = YES;
				CLANG_WARN_OBJC_ROOT_CLASS = YES_ERROR;
				CLANG_WARN_SUSPICIOUS_MOVES = YES;
				CLANG_WARN_UNREACHABLE_CODE = YES;
				CLANG_WARN__DUPLICATE_METHOD_MATCH = YES;
				"CODE_SIGN_IDENTITY[sdk=iphoneos*]" = "iPhone Developer";
				COPY_PHASE_STRIP = NO;
				DEBUG_INFORMATION_FORMAT = dwarf;
				ENABLE_STRICT_OBJC_MSGSEND = YES;
				ENABLE_TESTABILITY = YES;
				GCC_C_LANGUAGE_STANDARD = gnu99;
				GCC_DYNAMIC_NO_PIC = NO;
				GCC_NO_COMMON_BLOCKS = YES;
				GCC_OPTIMIZATION_LEVEL = 0;
				GCC_PREPROCESSOR_DEFINITIONS = (
					"DEBUG=1",
					"$(inherited)",
				);
				GCC_WARN_64_TO_32_BIT_CONVERSION = YES;
				GCC_WARN_ABOUT_RETURN_TYPE = YES_ERROR;
				GCC_WARN_UNDECLARED_SELECTOR = YES;
				GCC_WARN_UNINITIALIZED_AUTOS = YES_AGGRESSIVE;
				GCC_WARN_UNUSED_FUNCTION = YES;
				GCC_WARN_UNUSED_VARIABLE = YES;
				IPHONEOS_DEPLOYMENT_TARGET = 10.1;
				MTL_ENABLE_DEBUG_INFO = YES;
				ONLY_ACTIVE_ARCH = YES;
				SDKROOT = iphoneos;
				SWIFT_ACTIVE_COMPILATION_CONDITIONS = DEBUG;
				SWIFT_OPTIMIZATION_LEVEL = "-Onone";
				TARGETED_DEVICE_FAMILY = "1,2";
			};
			name = Debug;
		};
		2552E2711DDE0B7E00F92CE1 /* Release */ = {
			isa = XCBuildConfiguration;
			buildSettings = {
				ALWAYS_SEARCH_USER_PATHS = NO;
				CLANG_ANALYZER_NONNULL = YES;
				CLANG_CXX_LANGUAGE_STANDARD = "gnu++0x";
				CLANG_CXX_LIBRARY = "libc++";
				CLANG_ENABLE_MODULES = YES;
				CLANG_ENABLE_OBJC_ARC = YES;
				CLANG_WARN_BOOL_CONVERSION = YES;
				CLANG_WARN_CONSTANT_CONVERSION = YES;
				CLANG_WARN_DIRECT_OBJC_ISA_USAGE = YES_ERROR;
				CLANG_WARN_DOCUMENTATION_COMMENTS = YES;
				CLANG_WARN_EMPTY_BODY = YES;
				CLANG_WARN_ENUM_CONVERSION = YES;
				CLANG_WARN_INFINITE_RECURSION = YES;
				CLANG_WARN_INT_CONVERSION = YES;
				CLANG_WARN_OBJC_ROOT_CLASS = YES_ERROR;
				CLANG_WARN_SUSPICIOUS_MOVES = YES;
				CLANG_WARN_UNREACHABLE_CODE = YES;
				CLANG_WARN__DUPLICATE_METHOD_MATCH = YES;
				"CODE_SIGN_IDENTITY[sdk=iphoneos*]" = "iPhone Developer";
				COPY_PHASE_STRIP = NO;
				DEBUG_INFORMATION_FORMAT = "dwarf-with-dsym";
				ENABLE_NS_ASSERTIONS = NO;
				ENABLE_STRICT_OBJC_MSGSEND = YES;
				GCC_C_LANGUAGE_STANDARD = gnu99;
				GCC_NO_COMMON_BLOCKS = YES;
				GCC_WARN_64_TO_32_BIT_CONVERSION = YES;
				GCC_WARN_ABOUT_RETURN_TYPE = YES_ERROR;
				GCC_WARN_UNDECLARED_SELECTOR = YES;
				GCC_WARN_UNINITIALIZED_AUTOS = YES_AGGRESSIVE;
				GCC_WARN_UNUSED_FUNCTION = YES;
				GCC_WARN_UNUSED_VARIABLE = YES;
				IPHONEOS_DEPLOYMENT_TARGET = 10.1;
				MTL_ENABLE_DEBUG_INFO = NO;
				SDKROOT = iphoneos;
				SWIFT_OPTIMIZATION_LEVEL = "-Owholemodule";
				TARGETED_DEVICE_FAMILY = "1,2";
				VALIDATE_PRODUCT = YES;
			};
			name = Release;
		};
		2552E2731DDE0B7E00F92CE1 /* Debug */ = {
			isa = XCBuildConfiguration;
			buildSettings = {
				ASSETCATALOG_COMPILER_APPICON_NAME = AppIcon;
				INFOPLIST_FILE = "Tet'sFood/Info.plist";
				LD_RUNPATH_SEARCH_PATHS = "$(inherited) @executable_path/Frameworks";
				PRODUCT_BUNDLE_IDENTIFIER = "com.quynv.Tet-sFood";
				PRODUCT_NAME = "$(TARGET_NAME)";
				SWIFT_VERSION = 3.0;
			};
			name = Debug;
		};
		2552E2741DDE0B7E00F92CE1 /* Release */ = {
			isa = XCBuildConfiguration;
			buildSettings = {
				ASSETCATALOG_COMPILER_APPICON_NAME = AppIcon;
				INFOPLIST_FILE = "Tet'sFood/Info.plist";
				LD_RUNPATH_SEARCH_PATHS = "$(inherited) @executable_path/Frameworks";
				PRODUCT_BUNDLE_IDENTIFIER = "com.quynv.Tet-sFood";
				PRODUCT_NAME = "$(TARGET_NAME)";
				SWIFT_VERSION = 3.0;
			};
			name = Release;
		};
/* End XCBuildConfiguration section */

/* Begin XCConfigurationList section */
		2552E25B1DDE0B7E00F92CE1 /* Build configuration list for PBXProject "Tet'sFood" */ = {
			isa = XCConfigurationList;
			buildConfigurations = (
				2552E2701DDE0B7E00F92CE1 /* Debug */,
				2552E2711DDE0B7E00F92CE1 /* Release */,
			);
			defaultConfigurationIsVisible = 0;
			defaultConfigurationName = Release;
		};
		2552E2721DDE0B7E00F92CE1 /* Build configuration list for PBXNativeTarget "Tet'sFood" */ = {
			isa = XCConfigurationList;
			buildConfigurations = (
				2552E2731DDE0B7E00F92CE1 /* Debug */,
				2552E2741DDE0B7E00F92CE1 /* Release */,
			);
			defaultConfigurationIsVisible = 0;
			defaultConfigurationName = Release;
		};
/* End XCConfigurationList section */
	};
	rootObject = 2552E2581DDE0B7E00F92CE1 /* Project object */;
}
